
Microsoft Visual Studio Solution File, Format Version 12.00
# Visual Studio 2012
Project("{FAE04EC0-301F-11D3-BF4B-00C04F79EFBC}") = "CLient", "CLient\CLient.csproj", "{86767BF3-C1BD-4A41-A6E1-5929BA6483CE}"
EndProject
Global
	GlobalSection(SolutionConfigurationPlatforms) = preSolution
		Debug|Any CPU = Debug|Any CPU
		Release|Any CPU = Release|Any CPU
	EndGlobalSection
	GlobalSection(ProjectConfigurationPlatforms) = postSolution
		{86767BF3-C1BD-4A41-A6E1-5929BA6483CE}.Debug|Any CPU.ActiveCfg = Debug|Any CPU
		{86767BF3-C1BD-4A41-A6E1-5929BA6483CE}.Debug|Any CPU.Build.0 = Debug|Any CPU
		{86767BF3-C1BD-4A41-A6E1-5929BA6483CE}.Release|Any CPU.ActiveCfg = Release|Any CPU
		{86767BF3-C1BD-4A41-A6E1-5929BA6483CE}.Release|Any CPU.Build.0 = Release|Any CPU
	EndGlobalSection
	GlobalSection(SolutionProperties) = preSolution
		HideSolutionNode = FALSE
	EndGlobalSection
EndGlobal
